
Microsoft Visual Studio Solution File, Format Version 12.00
# Visual Studio Version 16
VisualStudioVersion = 16.0.31112.23
MinimumVisualStudioVersion = 10.0.40219.1
Project("{FAE04EC0-301F-11D3-BF4B-00C04F79EFBC}") = "VapeShop.Android", "VapeShop\VapeShop.Android\VapeShop.Android.csproj", "{203561EB-64B0-495B-96CB-3B8AC61B407F}"
EndProject
Project("{9A19103F-16F7-4668-BE54-9A1E7A4F7556}") = "VapeShop", "VapeShop\VapeShop\VapeShop.csproj", "{58A8C8EB-C456-47F1-82E2-53FCD1F033DC}"
EndProject
Global
	GlobalSection(SolutionConfigurationPlatforms) = preSolution
		Debug|Any CPU = Debug|Any CPU
		Debug|iPhone = Debug|iPhone
		Debug|iPhoneSimulator = Debug|iPhoneSimulator
		Release|Any CPU = Release|Any CPU
		Release|iPhone = Release|iPhone
		Release|iPhoneSimulator = Release|iPhoneSimulator
	EndGlobalSection
	GlobalSection(ProjectConfigurationPlatforms) = postSolution
		{203561EB-64B0-495B-96CB-3B8AC61B407F}.Debug|Any CPU.ActiveCfg = Debug|Any CPU
		{203561EB-64B0-495B-96CB-3B8AC61B407F}.Debug|Any CPU.Build.0 = Debug|Any CPU
		{203561EB-64B0-495B-96CB-3B8AC61B407F}.Debug|Any CPU.Deploy.0 = Debug|Any CPU
		{203561EB-64B0-495B-96CB-3B8AC61B407F}.Debug|iPhone.ActiveCfg = Debug|Any CPU
		{203561EB-64B0-495B-96CB-3B8AC61B407F}.Debug|iPhone.Build.0 = Debug|Any CPU
		{203561EB-64B0-495B-96CB-3B8AC61B407F}.Debug|iPhone.Deploy.0 = Debug|Any CPU
		{203561EB-64B0-495B-96CB-3B8AC61B407F}.Debug|iPhoneSimulator.ActiveCfg = Debug|Any CPU
		{203561EB-64B0-495B-96CB-3B8AC61B407F}.Debug|iPhoneSimulator.Build.0 = Debug|Any CPU
		{203561EB-64B0-495B-96CB-3B8AC61B407F}.Debug|iPhoneSimulator.Deploy.0 = Debug|Any CPU
		{203561EB-64B0-495B-96CB-3B8AC61B407F}.Release|Any CPU.ActiveCfg = Release|Any CPU
		{203561EB-64B0-495B-96CB-3B8AC61B407F}.Release|Any CPU.Build.0 = Release|Any CPU
		{203561EB-64B0-495B-96CB-3B8AC61B407F}.Release|Any CPU.Deploy.0 = Release|Any CPU
		{203561EB-64B0-495B-96CB-3B8AC61B407F}.Release|iPhone.ActiveCfg = Release|Any CPU
		{203561EB-64B0-495B-96CB-3B8AC61B407F}.Release|iPhone.Build.0 = Release|Any CPU
		{203561EB-64B0-495B-96CB-3B8AC61B407F}.Release|iPhone.Deploy.0 = Release|Any CPU
		{203561EB-64B0-495B-96CB-3B8AC61B407F}.Release|iPhoneSimulator.ActiveCfg = Release|Any CPU
		{203561EB-64B0-495B-96CB-3B8AC61B407F}.Release|iPhoneSimulator.Build.0 = Release|Any CPU
		{203561EB-64B0-495B-96CB-3B8AC61B407F}.Release|iPhoneSimulator.Deploy.0 = Release|Any CPU
		{58A8C8EB-C456-47F1-82E2-53FCD1F033DC}.Debug|Any CPU.ActiveCfg = Debug|Any CPU
		{58A8C8EB-C456-47F1-82E2-53FCD1F033DC}.Debug|Any CPU.Build.0 = Debug|Any CPU
		{58A8C8EB-C456-47F1-82E2-53FCD1F033DC}.Debug|Any CPU.Deploy.0 = Debug|Any CPU
		{58A8C8EB-C456-47F1-82E2-53FCD1F033DC}.Debug|iPhone.ActiveCfg = Debug|Any CPU
		{58A8C8EB-C456-47F1-82E2-53FCD1F033DC}.Debug|iPhone.Build.0 = Debug|Any CPU
		{58A8C8EB-C456-47F1-82E2-53FCD1F033DC}.Debug|iPhone.Deploy.0 = Debug|Any CPU
		{58A8C8EB-C456-47F1-82E2-53FCD1F033DC}.Debug|iPhoneSimulator.ActiveCfg = Debug|Any CPU
		{58A8C8EB-C456-47F1-82E2-53FCD1F033DC}.Debug|iPhoneSimulator.Build.0 = Debug|Any CPU
		{58A8C8EB-C456-47F1-82E2-53FCD1F033DC}.Debug|iPhoneSimulator.Deploy.0 = Debug|Any CPU
		{58A8C8EB-C456-47F1-82E2-53FCD1F033DC}.Release|Any CPU.ActiveCfg = Release|Any CPU
		{58A8C8EB-C456-47F1-82E2-53FCD1F033DC}.Release|Any CPU.Build.0 = Release|Any CPU
		{58A8C8EB-C456-47F1-82E2-53FCD1F033DC}.Release|Any CPU.Deploy.0 = Release|Any CPU
		{58A8C8EB-C456-47F1-82E2-53FCD1F033DC}.Release|iPhone.ActiveCfg = Release|Any CPU
		{58A8C8EB-C456-47F1-82E2-53FCD1F033DC}.Release|iPhone.Build.0 = Release|Any CPU
		{58A8C8EB-C456-47F1-82E2-53FCD1F033DC}.Release|iPhone.Deploy.0 = Release|Any CPU
		{58A8C8EB-C456-47F1-82E2-53FCD1F033DC}.Release|iPhoneSimulator.ActiveCfg = Release|Any CPU
		{58A8C8EB-C456-47F1-82E2-53FCD1F033DC}.Release|iPhoneSimulator.Build.0 = Release|Any CPU
		{58A8C8EB-C456-47F1-82E2-53FCD1F033DC}.Release|iPhoneSimulator.Deploy.0 = Release|Any CPU
	EndGlobalSection
	GlobalSection(SolutionProperties) = preSolution
		HideSolutionNode = FALSE
	EndGlobalSection
	GlobalSection(ExtensibilityGlobals) = postSolution
		SolutionGuid = {8D82B86D-E2FF-4412-9D34-359893D7B660}
	EndGlobalSection
EndGlobal
